
Microsoft Visual Studio Solution File, Format Version 12.00
# Visual Studio Express 2012 for Windows Desktop
Project("{FAE04EC0-301F-11D3-BF4B-00C04F79EFBC}") = "4drawline", "4drawline\4drawline.csproj", "{F86EE09B-22B1-4F10-AE9F-C8C1225045EE}"
EndProject
Global
	GlobalSection(SolutionConfigurationPlatforms) = preSolution
		Debug|Any CPU = Debug|Any CPU
		Release|Any CPU = Release|Any CPU
	EndGlobalSection
	GlobalSection(ProjectConfigurationPlatforms) = postSolution
		{F86EE09B-22B1-4F10-AE9F-C8C1225045EE}.Debug|Any CPU.ActiveCfg = Debug|Any CPU
		{F86EE09B-22B1-4F10-AE9F-C8C1225045EE}.Debug|Any CPU.Build.0 = Debug|Any CPU
		{F86EE09B-22B1-4F10-AE9F-C8C1225045EE}.Release|Any CPU.ActiveCfg = Release|Any CPU
		{F86EE09B-22B1-4F10-AE9F-C8C1225045EE}.Release|Any CPU.Build.0 = Release|Any CPU
	EndGlobalSection
	GlobalSection(SolutionProperties) = preSolution
		HideSolutionNode = FALSE
	EndGlobalSection
EndGlobal
